
Microsoft Visual Studio Solution File, Format Version 12.00
# Visual Studio Version 16
VisualStudioVersion = 16.0.29020.237
MinimumVisualStudioVersion = 15.0.26124.0
Project("{9A19103F-16F7-4668-BE54-9A1E7A4F7556}") = "test", "test\test.csproj", "{215DB086-E512-460E-AEC7-E39AFE88404E}"
EndProject
Project("{9A19103F-16F7-4668-BE54-9A1E7A4F7556}") = "sharpcode", "extern\sharpcode\src\sharpcode.csproj", "{F9B53392-58AF-4139-94D8-66D57997D2BB}"
EndProject
Project("{9A19103F-16F7-4668-BE54-9A1E7A4F7556}") = "primus-core", "src\primus-core\primus-core.csproj", "{D22F65A8-0B5E-4105-AB00-A659801F54D7}"
EndProject
Global
	GlobalSection(SolutionConfigurationPlatforms) = preSolution
		Debug|Any CPU = Debug|Any CPU
		Debug|x64 = Debug|x64
		Debug|x86 = Debug|x86
		Release|Any CPU = Release|Any CPU
		Release|x64 = Release|x64
		Release|x86 = Release|x86
	EndGlobalSection
	GlobalSection(ProjectConfigurationPlatforms) = postSolution
		{215DB086-E512-460E-AEC7-E39AFE88404E}.Debug|Any CPU.ActiveCfg = Debug|Any CPU
		{215DB086-E512-460E-AEC7-E39AFE88404E}.Debug|Any CPU.Build.0 = Debug|Any CPU
		{215DB086-E512-460E-AEC7-E39AFE88404E}.Debug|x64.ActiveCfg = Debug|Any CPU
		{215DB086-E512-460E-AEC7-E39AFE88404E}.Debug|x64.Build.0 = Debug|Any CPU
		{215DB086-E512-460E-AEC7-E39AFE88404E}.Debug|x86.ActiveCfg = Debug|Any CPU
		{215DB086-E512-460E-AEC7-E39AFE88404E}.Debug|x86.Build.0 = Debug|Any CPU
		{215DB086-E512-460E-AEC7-E39AFE88404E}.Release|Any CPU.ActiveCfg = Release|Any CPU
		{215DB086-E512-460E-AEC7-E39AFE88404E}.Release|Any CPU.Build.0 = Release|Any CPU
		{215DB086-E512-460E-AEC7-E39AFE88404E}.Release|x64.ActiveCfg = Release|Any CPU
		{215DB086-E512-460E-AEC7-E39AFE88404E}.Release|x64.Build.0 = Release|Any CPU
		{215DB086-E512-460E-AEC7-E39AFE88404E}.Release|x86.ActiveCfg = Release|Any CPU
		{215DB086-E512-460E-AEC7-E39AFE88404E}.Release|x86.Build.0 = Release|Any CPU
		{F9B53392-58AF-4139-94D8-66D57997D2BB}.Debug|Any CPU.ActiveCfg = Debug|Any CPU
		{F9B53392-58AF-4139-94D8-66D57997D2BB}.Debug|Any CPU.Build.0 = Debug|Any CPU
		{F9B53392-58AF-4139-94D8-66D57997D2BB}.Debug|x64.ActiveCfg = Debug|Any CPU
		{F9B53392-58AF-4139-94D8-66D57997D2BB}.Debug|x64.Build.0 = Debug|Any CPU
		{F9B53392-58AF-4139-94D8-66D57997D2BB}.Debug|x86.ActiveCfg = Debug|Any CPU
		{F9B53392-58AF-4139-94D8-66D57997D2BB}.Debug|x86.Build.0 = Debug|Any CPU
		{F9B53392-58AF-4139-94D8-66D57997D2BB}.Release|Any CPU.ActiveCfg = Release|Any CPU
		{F9B53392-58AF-4139-94D8-66D57997D2BB}.Release|Any CPU.Build.0 = Release|Any CPU
		{F9B53392-58AF-4139-94D8-66D57997D2BB}.Release|x64.ActiveCfg = Release|Any CPU
		{F9B53392-58AF-4139-94D8-66D57997D2BB}.Release|x64.Build.0 = Release|Any CPU
		{F9B53392-58AF-4139-94D8-66D57997D2BB}.Release|x86.ActiveCfg = Release|Any CPU
		{F9B53392-58AF-4139-94D8-66D57997D2BB}.Release|x86.Build.0 = Release|Any CPU
		{D22F65A8-0B5E-4105-AB00-A659801F54D7}.Debug|Any CPU.ActiveCfg = Debug|Any CPU
		{D22F65A8-0B5E-4105-AB00-A659801F54D7}.Debug|Any CPU.Build.0 = Debug|Any CPU
		{D22F65A8-0B5E-4105-AB00-A659801F54D7}.Debug|x64.ActiveCfg = Debug|Any CPU
		{D22F65A8-0B5E-4105-AB00-A659801F54D7}.Debug|x64.Build.0 = Debug|Any CPU
		{D22F65A8-0B5E-4105-AB00-A659801F54D7}.Debug|x86.ActiveCfg = Debug|Any CPU
		{D22F65A8-0B5E-4105-AB00-A659801F54D7}.Debug|x86.Build.0 = Debug|Any CPU
		{D22F65A8-0B5E-4105-AB00-A659801F54D7}.Release|Any CPU.ActiveCfg = Release|Any CPU
		{D22F65A8-0B5E-4105-AB00-A659801F54D7}.Release|Any CPU.Build.0 = Release|Any CPU
		{D22F65A8-0B5E-4105-AB00-A659801F54D7}.Release|x64.ActiveCfg = Release|Any CPU
		{D22F65A8-0B5E-4105-AB00-A659801F54D7}.Release|x64.Build.0 = Release|Any CPU
		{D22F65A8-0B5E-4105-AB00-A659801F54D7}.Release|x86.ActiveCfg = Release|Any CPU
		{D22F65A8-0B5E-4105-AB00-A659801F54D7}.Release|x86.Build.0 = Release|Any CPU
	EndGlobalSection
	GlobalSection(SolutionProperties) = preSolution
		HideSolutionNode = FALSE
	EndGlobalSection
	GlobalSection(ExtensibilityGlobals) = postSolution
		SolutionGuid = {C550A652-5DD2-4A54-B683-56C55A352AA6}
	EndGlobalSection
EndGlobal
